{
  "requires": true,
  "lockfileVersion": 1,
  "dependencies": {
    "bootstrap": {
      "version": "4.3.1",
      "resolved": "https://registry.npmjs.org/bootstrap/-/bootstrap-4.3.1.tgz",
      "integrity": "sha512-rXqOmH1VilAt2DyPzluTi2blhk17bO7ef+zLLPlWvG494pDxcM234pJ8wTc/6R40UWizAIIMgxjvxZg5kmsbag=="
    },
    "bootstrap-datepicker": {
      "version": "1.8.0",
      "resolved": "https://registry.npmjs.org/bootstrap-datepicker/-/bootstrap-datepicker-1.8.0.tgz",
      "integrity": "sha512-213St/G8KT3mjs4qu4qwww74KWysMaIeqgq5OhrboZjIjemIpyuxlSo9FNNI5+KzpkkxkRRba+oewiRGV42B1A==",
      "requires": {
        "jquery": ">=1.7.1 <4.0.0"
      }
    },
    "bootstrap-fileinput": {
      "version": "5.0.0",
      "resolved": "https://registry.npmjs.org/bootstrap-fileinput/-/bootstrap-fileinput-5.0.0.tgz",
      "integrity": "sha512-jyQkCbUI3BLvgG3bt9wGAwv5jsBLaoIdp9N8LOoyylGcqfsoo9PjVuyGgwzULe3yE5WxovnhYnlmUhGF7dsxOw==",
      "requires": {
        "bootstrap": ">= 3.4.1",
        "jquery": ">= 1.9.0"
      }
    },
    "jquery": {
      "version": "3.3.1",
      "resolved": "https://registry.npmjs.org/jquery/-/jquery-3.3.1.tgz",
      "integrity": "sha512-Ubldcmxp5np52/ENotGxlLe6aGMvmF4R8S6tZjsP6Knsaxd/xp3Zrh50cG93lR6nPXyUFwzN3ZSOQI0wRJNdGg=="
    }
  }
}
